
Microsoft Visual Studio Solution File, Format Version 12.00
# Visual Studio 15
VisualStudioVersion = 15.0.27428.2043
MinimumVisualStudioVersion = 10.0.40219.1
Project("{9A19103F-16F7-4668-BE54-9A1E7A4F7556}") = "Run", "Run\Run.csproj", "{D3407629-C2F2-4000-940F-8433FF29BDA5}"
EndProject
Project("{9A19103F-16F7-4668-BE54-9A1E7A4F7556}") = "Algorithms.Sorting", "Algorithms.Sorting\Algorithms.Sorting.csproj", "{400060DE-F47C-4AE3-8E37-1B9B095F5DB0}"
EndProject
Project("{FAE04EC0-301F-11D3-BF4B-00C04F79EFBC}") = "Algorithms.ProblemSolving", "Algorithms.ProblemSolving\Algorithms.ProblemSolving.csproj", "{22AAA6D1-94F0-4546-AF75-6F24FCE8894B}"
EndProject
Global
	GlobalSection(SolutionConfigurationPlatforms) = preSolution
		Debug|Any CPU = Debug|Any CPU
		Release|Any CPU = Release|Any CPU
	EndGlobalSection
	GlobalSection(ProjectConfigurationPlatforms) = postSolution
		{D3407629-C2F2-4000-940F-8433FF29BDA5}.Debug|Any CPU.ActiveCfg = Debug|Any CPU
		{D3407629-C2F2-4000-940F-8433FF29BDA5}.Debug|Any CPU.Build.0 = Debug|Any CPU
		{D3407629-C2F2-4000-940F-8433FF29BDA5}.Release|Any CPU.ActiveCfg = Release|Any CPU
		{D3407629-C2F2-4000-940F-8433FF29BDA5}.Release|Any CPU.Build.0 = Release|Any CPU
		{400060DE-F47C-4AE3-8E37-1B9B095F5DB0}.Debug|Any CPU.ActiveCfg = Debug|Any CPU
		{400060DE-F47C-4AE3-8E37-1B9B095F5DB0}.Debug|Any CPU.Build.0 = Debug|Any CPU
		{400060DE-F47C-4AE3-8E37-1B9B095F5DB0}.Release|Any CPU.ActiveCfg = Release|Any CPU
		{400060DE-F47C-4AE3-8E37-1B9B095F5DB0}.Release|Any CPU.Build.0 = Release|Any CPU
		{22AAA6D1-94F0-4546-AF75-6F24FCE8894B}.Debug|Any CPU.ActiveCfg = Debug|Any CPU
		{22AAA6D1-94F0-4546-AF75-6F24FCE8894B}.Debug|Any CPU.Build.0 = Debug|Any CPU
		{22AAA6D1-94F0-4546-AF75-6F24FCE8894B}.Release|Any CPU.ActiveCfg = Release|Any CPU
		{22AAA6D1-94F0-4546-AF75-6F24FCE8894B}.Release|Any CPU.Build.0 = Release|Any CPU
	EndGlobalSection
	GlobalSection(SolutionProperties) = preSolution
		HideSolutionNode = FALSE
	EndGlobalSection
	GlobalSection(ExtensibilityGlobals) = postSolution
		SolutionGuid = {66D36D94-77CA-4770-B769-B3B46FF57813}
	EndGlobalSection
EndGlobal
